
Microsoft Visual Studio Solution File, Format Version 12.00
# Visual Studio 15
VisualStudioVersion = 15.0.26124.0
MinimumVisualStudioVersion = 15.0.26124.0
Project("{FAE04EC0-301F-11D3-BF4B-00C04F79EFBC}") = "gitrelease.core", "gitrelease.core\gitrelease.core.csproj", "{D1FFEB79-7B03-47B4-A62B-4276F10AE449}"
EndProject
Project("{FAE04EC0-301F-11D3-BF4B-00C04F79EFBC}") = "gitrelease.cli", "gitrelease.cli\gitrelease.cli.csproj", "{362B71EC-8251-4C43-938F-8FF34E0A7D80}"
EndProject
Global
	GlobalSection(SolutionProperties) = preSolution
		HideSolutionNode = FALSE
	EndGlobalSection
	GlobalSection(SolutionConfigurationPlatforms) = preSolution
		Debug|Any CPU = Debug|Any CPU
		Debug|x64 = Debug|x64
		Debug|x86 = Debug|x86
		Release|Any CPU = Release|Any CPU
		Release|x64 = Release|x64
		Release|x86 = Release|x86
	EndGlobalSection
	GlobalSection(ProjectConfigurationPlatforms) = postSolution
		{D1FFEB79-7B03-47B4-A62B-4276F10AE449}.Debug|Any CPU.ActiveCfg = Debug|Any CPU
		{D1FFEB79-7B03-47B4-A62B-4276F10AE449}.Debug|Any CPU.Build.0 = Debug|Any CPU
		{D1FFEB79-7B03-47B4-A62B-4276F10AE449}.Debug|x64.ActiveCfg = Debug|Any CPU
		{D1FFEB79-7B03-47B4-A62B-4276F10AE449}.Debug|x64.Build.0 = Debug|Any CPU
		{D1FFEB79-7B03-47B4-A62B-4276F10AE449}.Debug|x86.ActiveCfg = Debug|Any CPU
		{D1FFEB79-7B03-47B4-A62B-4276F10AE449}.Debug|x86.Build.0 = Debug|Any CPU
		{D1FFEB79-7B03-47B4-A62B-4276F10AE449}.Release|Any CPU.ActiveCfg = Release|Any CPU
		{D1FFEB79-7B03-47B4-A62B-4276F10AE449}.Release|Any CPU.Build.0 = Release|Any CPU
		{D1FFEB79-7B03-47B4-A62B-4276F10AE449}.Release|x64.ActiveCfg = Release|Any CPU
		{D1FFEB79-7B03-47B4-A62B-4276F10AE449}.Release|x64.Build.0 = Release|Any CPU
		{D1FFEB79-7B03-47B4-A62B-4276F10AE449}.Release|x86.ActiveCfg = Release|Any CPU
		{D1FFEB79-7B03-47B4-A62B-4276F10AE449}.Release|x86.Build.0 = Release|Any CPU
		{362B71EC-8251-4C43-938F-8FF34E0A7D80}.Debug|Any CPU.ActiveCfg = Debug|Any CPU
		{362B71EC-8251-4C43-938F-8FF34E0A7D80}.Debug|Any CPU.Build.0 = Debug|Any CPU
		{362B71EC-8251-4C43-938F-8FF34E0A7D80}.Debug|x64.ActiveCfg = Debug|Any CPU
		{362B71EC-8251-4C43-938F-8FF34E0A7D80}.Debug|x64.Build.0 = Debug|Any CPU
		{362B71EC-8251-4C43-938F-8FF34E0A7D80}.Debug|x86.ActiveCfg = Debug|Any CPU
		{362B71EC-8251-4C43-938F-8FF34E0A7D80}.Debug|x86.Build.0 = Debug|Any CPU
		{362B71EC-8251-4C43-938F-8FF34E0A7D80}.Release|Any CPU.ActiveCfg = Release|Any CPU
		{362B71EC-8251-4C43-938F-8FF34E0A7D80}.Release|Any CPU.Build.0 = Release|Any CPU
		{362B71EC-8251-4C43-938F-8FF34E0A7D80}.Release|x64.ActiveCfg = Release|Any CPU
		{362B71EC-8251-4C43-938F-8FF34E0A7D80}.Release|x64.Build.0 = Release|Any CPU
		{362B71EC-8251-4C43-938F-8FF34E0A7D80}.Release|x86.ActiveCfg = Release|Any CPU
		{362B71EC-8251-4C43-938F-8FF34E0A7D80}.Release|x86.Build.0 = Release|Any CPU
	EndGlobalSection
EndGlobal
